# This file is automatically @generated by Cargo.
# It is not intended for manual editing.
version = 3

[[package]]
name = "neco-json"
version = "0.1.2"

[[package]]
name = "neco-json5"
version = "0.1.0"

[[package]]
name = "neco-kdl"
version = "0.3.0"

[[package]]
name = "neco-kdl-ast"
version = "0.1.0"
dependencies = [
 "neco-kdl",
]

[[package]]
name = "neco-plist"
version = "0.1.0"

[[package]]
name = "neco-toml"
version = "0.1.0"

[[package]]
name = "neco-xml"
version = "0.1.0"

[[package]]
name = "neco-yml"
version = "0.1.0"
